
Microsoft Visual Studio Solution File, Format Version 12.00
# Visual Studio Version 17
VisualStudioVersion = 17.0.31903.59
MinimumVisualStudioVersion = 10.0.40219.1
Project("{2150E333-8FDC-42A3-9474-1A3956D46DE8}") = "src", "src", "{827E0CD3-B72D-47B6-A68D-7590B98EB39B}"
EndProject
Project("{FAE04EC0-301F-11D3-BF4B-00C04F79EFBC}") = "Plate.ModernSatsuma", "src\Plate.ModernSatsuma\Plate.ModernSatsuma.csproj", "{9D10C7BF-95EA-43EA-89C2-97039C5B73C5}"
EndProject
Project("{2150E333-8FDC-42A3-9474-1A3956D46DE8}") = "tests", "tests", "{0C88DD14-F956-CE84-757C-A364CCF449FC}"
EndProject
Project("{FAE04EC0-301F-11D3-BF4B-00C04F79EFBC}") = "Plate.ModernSatsuma.Tests", "tests\Plate.ModernSatsuma.Tests\Plate.ModernSatsuma.Tests.csproj", "{0D938B88-1DA1-4CF9-9CD3-9FA8302C7D3A}"
EndProject
Project("{FAE04EC0-301F-11D3-BF4B-00C04F79EFBC}") = "Plate.ModernSatsuma.Abstractions", "src\Plate.ModernSatsuma.Abstractions\Plate.ModernSatsuma.Abstractions.csproj", "{10E50FDA-4EC6-4104-B2C7-A6986CC7E30B}"
EndProject
Project("{FAE04EC0-301F-11D3-BF4B-00C04F79EFBC}") = "Plate.ModernSatsuma.Drawing.SystemDrawing", "src\Plate.ModernSatsuma.Drawing.SystemDrawing\Plate.ModernSatsuma.Drawing.SystemDrawing.csproj", "{FFB1257C-7490-4B97-B3BB-DE1F7AFDA7C2}"
EndProject
Project("{FAE04EC0-301F-11D3-BF4B-00C04F79EFBC}") = "Plate.ModernSatsuma.Drawing.SkiaSharp", "src\Plate.ModernSatsuma.Drawing.SkiaSharp\Plate.ModernSatsuma.Drawing.SkiaSharp.csproj", "{D57835B2-2C0A-49EB-9001-6626ABB05FE9}"
EndProject
Project("{FAE04EC0-301F-11D3-BF4B-00C04F79EFBC}") = "Plate.ModernSatsuma.Abstractions.Tests", "tests\Plate.ModernSatsuma.Abstractions.Tests\Plate.ModernSatsuma.Abstractions.Tests.csproj", "{293CFA2E-37B8-412C-8896-72D35DCE91A5}"
EndProject
Project("{FAE04EC0-301F-11D3-BF4B-00C04F79EFBC}") = "Plate.ModernSatsuma.Drawing.SystemDrawing.Tests", "tests\Plate.ModernSatsuma.Drawing.SystemDrawing.Tests\Plate.ModernSatsuma.Drawing.SystemDrawing.Tests.csproj", "{0C728B12-32E0-4804-8DC7-14B6255CA5C9}"
EndProject
Project("{FAE04EC0-301F-11D3-BF4B-00C04F79EFBC}") = "Plate.ModernSatsuma.Drawing.SkiaSharp.Tests", "tests\Plate.ModernSatsuma.Drawing.SkiaSharp.Tests\Plate.ModernSatsuma.Drawing.SkiaSharp.Tests.csproj", "{7DF1DCF2-A4BE-43B0-95E9-34852C06908D}"
EndProject
Global
	GlobalSection(SolutionConfigurationPlatforms) = preSolution
		Debug|Any CPU = Debug|Any CPU
		Debug|x64 = Debug|x64
		Debug|x86 = Debug|x86
		Release|Any CPU = Release|Any CPU
		Release|x64 = Release|x64
		Release|x86 = Release|x86
	EndGlobalSection
	GlobalSection(ProjectConfigurationPlatforms) = postSolution
		{9D10C7BF-95EA-43EA-89C2-97039C5B73C5}.Debug|Any CPU.ActiveCfg = Debug|Any CPU
		{9D10C7BF-95EA-43EA-89C2-97039C5B73C5}.Debug|Any CPU.Build.0 = Debug|Any CPU
		{9D10C7BF-95EA-43EA-89C2-97039C5B73C5}.Debug|x64.ActiveCfg = Debug|Any CPU
		{9D10C7BF-95EA-43EA-89C2-97039C5B73C5}.Debug|x64.Build.0 = Debug|Any CPU
		{9D10C7BF-95EA-43EA-89C2-97039C5B73C5}.Debug|x86.ActiveCfg = Debug|Any CPU
		{9D10C7BF-95EA-43EA-89C2-97039C5B73C5}.Debug|x86.Build.0 = Debug|Any CPU
		{9D10C7BF-95EA-43EA-89C2-97039C5B73C5}.Release|Any CPU.ActiveCfg = Release|Any CPU
		{9D10C7BF-95EA-43EA-89C2-97039C5B73C5}.Release|Any CPU.Build.0 = Release|Any CPU
		{9D10C7BF-95EA-43EA-89C2-97039C5B73C5}.Release|x64.ActiveCfg = Release|Any CPU
		{9D10C7BF-95EA-43EA-89C2-97039C5B73C5}.Release|x64.Build.0 = Release|Any CPU
		{9D10C7BF-95EA-43EA-89C2-97039C5B73C5}.Release|x86.ActiveCfg = Release|Any CPU
		{9D10C7BF-95EA-43EA-89C2-97039C5B73C5}.Release|x86.Build.0 = Release|Any CPU
		{0D938B88-1DA1-4CF9-9CD3-9FA8302C7D3A}.Debug|Any CPU.ActiveCfg = Debug|Any CPU
		{0D938B88-1DA1-4CF9-9CD3-9FA8302C7D3A}.Debug|Any CPU.Build.0 = Debug|Any CPU
		{0D938B88-1DA1-4CF9-9CD3-9FA8302C7D3A}.Debug|x64.ActiveCfg = Debug|Any CPU
		{0D938B88-1DA1-4CF9-9CD3-9FA8302C7D3A}.Debug|x64.Build.0 = Debug|Any CPU
		{0D938B88-1DA1-4CF9-9CD3-9FA8302C7D3A}.Debug|x86.ActiveCfg = Debug|Any CPU
		{0D938B88-1DA1-4CF9-9CD3-9FA8302C7D3A}.Debug|x86.Build.0 = Debug|Any CPU
		{0D938B88-1DA1-4CF9-9CD3-9FA8302C7D3A}.Release|Any CPU.ActiveCfg = Release|Any CPU
		{0D938B88-1DA1-4CF9-9CD3-9FA8302C7D3A}.Release|Any CPU.Build.0 = Release|Any CPU
		{0D938B88-1DA1-4CF9-9CD3-9FA8302C7D3A}.Release|x64.ActiveCfg = Release|Any CPU
		{0D938B88-1DA1-4CF9-9CD3-9FA8302C7D3A}.Release|x64.Build.0 = Release|Any CPU
		{0D938B88-1DA1-4CF9-9CD3-9FA8302C7D3A}.Release|x86.ActiveCfg = Release|Any CPU
		{0D938B88-1DA1-4CF9-9CD3-9FA8302C7D3A}.Release|x86.Build.0 = Release|Any CPU
		{10E50FDA-4EC6-4104-B2C7-A6986CC7E30B}.Debug|Any CPU.ActiveCfg = Debug|Any CPU
		{10E50FDA-4EC6-4104-B2C7-A6986CC7E30B}.Debug|Any CPU.Build.0 = Debug|Any CPU
		{10E50FDA-4EC6-4104-B2C7-A6986CC7E30B}.Debug|x64.ActiveCfg = Debug|Any CPU
		{10E50FDA-4EC6-4104-B2C7-A6986CC7E30B}.Debug|x64.Build.0 = Debug|Any CPU
		{10E50FDA-4EC6-4104-B2C7-A6986CC7E30B}.Debug|x86.ActiveCfg = Debug|Any CPU
		{10E50FDA-4EC6-4104-B2C7-A6986CC7E30B}.Debug|x86.Build.0 = Debug|Any CPU
		{10E50FDA-4EC6-4104-B2C7-A6986CC7E30B}.Release|Any CPU.ActiveCfg = Release|Any CPU
		{10E50FDA-4EC6-4104-B2C7-A6986CC7E30B}.Release|Any CPU.Build.0 = Release|Any CPU
		{10E50FDA-4EC6-4104-B2C7-A6986CC7E30B}.Release|x64.ActiveCfg = Release|Any CPU
		{10E50FDA-4EC6-4104-B2C7-A6986CC7E30B}.Release|x64.Build.0 = Release|Any CPU
		{10E50FDA-4EC6-4104-B2C7-A6986CC7E30B}.Release|x86.ActiveCfg = Release|Any CPU
		{10E50FDA-4EC6-4104-B2C7-A6986CC7E30B}.Release|x86.Build.0 = Release|Any CPU
		{FFB1257C-7490-4B97-B3BB-DE1F7AFDA7C2}.Debug|Any CPU.ActiveCfg = Debug|Any CPU
		{FFB1257C-7490-4B97-B3BB-DE1F7AFDA7C2}.Debug|Any CPU.Build.0 = Debug|Any CPU
		{FFB1257C-7490-4B97-B3BB-DE1F7AFDA7C2}.Debug|x64.ActiveCfg = Debug|Any CPU
		{FFB1257C-7490-4B97-B3BB-DE1F7AFDA7C2}.Debug|x64.Build.0 = Debug|Any CPU
		{FFB1257C-7490-4B97-B3BB-DE1F7AFDA7C2}.Debug|x86.ActiveCfg = Debug|Any CPU
		{FFB1257C-7490-4B97-B3BB-DE1F7AFDA7C2}.Debug|x86.Build.0 = Debug|Any CPU
		{FFB1257C-7490-4B97-B3BB-DE1F7AFDA7C2}.Release|Any CPU.ActiveCfg = Release|Any CPU
		{FFB1257C-7490-4B97-B3BB-DE1F7AFDA7C2}.Release|Any CPU.Build.0 = Release|Any CPU
		{FFB1257C-7490-4B97-B3BB-DE1F7AFDA7C2}.Release|x64.ActiveCfg = Release|Any CPU
		{FFB1257C-7490-4B97-B3BB-DE1F7AFDA7C2}.Release|x64.Build.0 = Release|Any CPU
		{FFB1257C-7490-4B97-B3BB-DE1F7AFDA7C2}.Release|x86.ActiveCfg = Release|Any CPU
		{FFB1257C-7490-4B97-B3BB-DE1F7AFDA7C2}.Release|x86.Build.0 = Release|Any CPU
		{D57835B2-2C0A-49EB-9001-6626ABB05FE9}.Debug|Any CPU.ActiveCfg = Debug|Any CPU
		{D57835B2-2C0A-49EB-9001-6626ABB05FE9}.Debug|Any CPU.Build.0 = Debug|Any CPU
		{D57835B2-2C0A-49EB-9001-6626ABB05FE9}.Debug|x64.ActiveCfg = Debug|Any CPU
		{D57835B2-2C0A-49EB-9001-6626ABB05FE9}.Debug|x64.Build.0 = Debug|Any CPU
		{D57835B2-2C0A-49EB-9001-6626ABB05FE9}.Debug|x86.ActiveCfg = Debug|Any CPU
		{D57835B2-2C0A-49EB-9001-6626ABB05FE9}.Debug|x86.Build.0 = Debug|Any CPU
		{D57835B2-2C0A-49EB-9001-6626ABB05FE9}.Release|Any CPU.ActiveCfg = Release|Any CPU
		{D57835B2-2C0A-49EB-9001-6626ABB05FE9}.Release|Any CPU.Build.0 = Release|Any CPU
		{D57835B2-2C0A-49EB-9001-6626ABB05FE9}.Release|x64.ActiveCfg = Release|Any CPU
		{D57835B2-2C0A-49EB-9001-6626ABB05FE9}.Release|x64.Build.0 = Release|Any CPU
		{D57835B2-2C0A-49EB-9001-6626ABB05FE9}.Release|x86.ActiveCfg = Release|Any CPU
		{D57835B2-2C0A-49EB-9001-6626ABB05FE9}.Release|x86.Build.0 = Release|Any CPU
		{293CFA2E-37B8-412C-8896-72D35DCE91A5}.Debug|Any CPU.ActiveCfg = Debug|Any CPU
		{293CFA2E-37B8-412C-8896-72D35DCE91A5}.Debug|Any CPU.Build.0 = Debug|Any CPU
		{293CFA2E-37B8-412C-8896-72D35DCE91A5}.Debug|x64.ActiveCfg = Debug|Any CPU
		{293CFA2E-37B8-412C-8896-72D35DCE91A5}.Debug|x64.Build.0 = Debug|Any CPU
		{293CFA2E-37B8-412C-8896-72D35DCE91A5}.Debug|x86.ActiveCfg = Debug|Any CPU
		{293CFA2E-37B8-412C-8896-72D35DCE91A5}.Debug|x86.Build.0 = Debug|Any CPU
		{293CFA2E-37B8-412C-8896-72D35DCE91A5}.Release|Any CPU.ActiveCfg = Release|Any CPU
		{293CFA2E-37B8-412C-8896-72D35DCE91A5}.Release|Any CPU.Build.0 = Release|Any CPU
		{293CFA2E-37B8-412C-8896-72D35DCE91A5}.Release|x64.ActiveCfg = Release|Any CPU
		{293CFA2E-37B8-412C-8896-72D35DCE91A5}.Release|x64.Build.0 = Release|Any CPU
		{293CFA2E-37B8-412C-8896-72D35DCE91A5}.Release|x86.ActiveCfg = Release|Any CPU
		{293CFA2E-37B8-412C-8896-72D35DCE91A5}.Release|x86.Build.0 = Release|Any CPU
		{0C728B12-32E0-4804-8DC7-14B6255CA5C9}.Debug|Any CPU.ActiveCfg = Debug|Any CPU
		{0C728B12-32E0-4804-8DC7-14B6255CA5C9}.Debug|Any CPU.Build.0 = Debug|Any CPU
		{0C728B12-32E0-4804-8DC7-14B6255CA5C9}.Debug|x64.ActiveCfg = Debug|Any CPU
		{0C728B12-32E0-4804-8DC7-14B6255CA5C9}.Debug|x64.Build.0 = Debug|Any CPU
		{0C728B12-32E0-4804-8DC7-14B6255CA5C9}.Debug|x86.ActiveCfg = Debug|Any CPU
		{0C728B12-32E0-4804-8DC7-14B6255CA5C9}.Debug|x86.Build.0 = Debug|Any CPU
		{0C728B12-32E0-4804-8DC7-14B6255CA5C9}.Release|Any CPU.ActiveCfg = Release|Any CPU
		{0C728B12-32E0-4804-8DC7-14B6255CA5C9}.Release|Any CPU.Build.0 = Release|Any CPU
		{0C728B12-32E0-4804-8DC7-14B6255CA5C9}.Release|x64.ActiveCfg = Release|Any CPU
		{0C728B12-32E0-4804-8DC7-14B6255CA5C9}.Release|x64.Build.0 = Release|Any CPU
		{0C728B12-32E0-4804-8DC7-14B6255CA5C9}.Release|x86.ActiveCfg = Release|Any CPU
		{0C728B12-32E0-4804-8DC7-14B6255CA5C9}.Release|x86.Build.0 = Release|Any CPU
		{7DF1DCF2-A4BE-43B0-95E9-34852C06908D}.Debug|Any CPU.ActiveCfg = Debug|Any CPU
		{7DF1DCF2-A4BE-43B0-95E9-34852C06908D}.Debug|Any CPU.Build.0 = Debug|Any CPU
		{7DF1DCF2-A4BE-43B0-95E9-34852C06908D}.Debug|x64.ActiveCfg = Debug|Any CPU
		{7DF1DCF2-A4BE-43B0-95E9-34852C06908D}.Debug|x64.Build.0 = Debug|Any CPU
		{7DF1DCF2-A4BE-43B0-95E9-34852C06908D}.Debug|x86.ActiveCfg = Debug|Any CPU
		{7DF1DCF2-A4BE-43B0-95E9-34852C06908D}.Debug|x86.Build.0 = Debug|Any CPU
		{7DF1DCF2-A4BE-43B0-95E9-34852C06908D}.Release|Any CPU.ActiveCfg = Release|Any CPU
		{7DF1DCF2-A4BE-43B0-95E9-34852C06908D}.Release|Any CPU.Build.0 = Release|Any CPU
		{7DF1DCF2-A4BE-43B0-95E9-34852C06908D}.Release|x64.ActiveCfg = Release|Any CPU
		{7DF1DCF2-A4BE-43B0-95E9-34852C06908D}.Release|x64.Build.0 = Release|Any CPU
		{7DF1DCF2-A4BE-43B0-95E9-34852C06908D}.Release|x86.ActiveCfg = Release|Any CPU
		{7DF1DCF2-A4BE-43B0-95E9-34852C06908D}.Release|x86.Build.0 = Release|Any CPU
	EndGlobalSection
	GlobalSection(SolutionProperties) = preSolution
		HideSolutionNode = FALSE
	EndGlobalSection
	GlobalSection(NestedProjects) = preSolution
		{9D10C7BF-95EA-43EA-89C2-97039C5B73C5} = {827E0CD3-B72D-47B6-A68D-7590B98EB39B}
		{0D938B88-1DA1-4CF9-9CD3-9FA8302C7D3A} = {0C88DD14-F956-CE84-757C-A364CCF449FC}
		{10E50FDA-4EC6-4104-B2C7-A6986CC7E30B} = {827E0CD3-B72D-47B6-A68D-7590B98EB39B}
		{FFB1257C-7490-4B97-B3BB-DE1F7AFDA7C2} = {827E0CD3-B72D-47B6-A68D-7590B98EB39B}
		{D57835B2-2C0A-49EB-9001-6626ABB05FE9} = {827E0CD3-B72D-47B6-A68D-7590B98EB39B}
		{293CFA2E-37B8-412C-8896-72D35DCE91A5} = {0C88DD14-F956-CE84-757C-A364CCF449FC}
		{0C728B12-32E0-4804-8DC7-14B6255CA5C9} = {0C88DD14-F956-CE84-757C-A364CCF449FC}
		{7DF1DCF2-A4BE-43B0-95E9-34852C06908D} = {0C88DD14-F956-CE84-757C-A364CCF449FC}
	EndGlobalSection
EndGlobal
